
Microsoft Visual Studio Solution File, Format Version 12.00
# Visual Studio Version 17
VisualStudioVersion = 17.10.34916.146
MinimumVisualStudioVersion = 10.0.40219.1
Project("{9A19103F-16F7-4668-BE54-9A1E7A4F7556}") = "augalinga.ApplicationLayer", "augalinga.ApplicationLayer\augalinga.ApplicationLayer.csproj", "{4A28ACEB-8995-4EBA-8BF0-87C5F24A5D40}"
EndProject
Project("{9A19103F-16F7-4668-BE54-9A1E7A4F7556}") = "augalinga.Data", "augalinga.Data\augalinga.Data.csproj", "{253331D8-0169-440F-9318-98526FE4F6A7}"
EndProject
Project("{9A19103F-16F7-4668-BE54-9A1E7A4F7556}") = "augalinga.Backend", "augalinga.Backend\augalinga.Backend.csproj", "{067D439A-3EB8-4B96-97EC-11B051AA3DD0}"
EndProject
Project("{FAE04EC0-301F-11D3-BF4B-00C04F79EFBC}") = "augalinga.Tests", "augalinga.Tests\augalinga.Tests.csproj", "{4A9B3CEC-34BC-4033-9A6B-3F6B92359F52}"
EndProject
Global
	GlobalSection(SolutionConfigurationPlatforms) = preSolution
		Debug|Any CPU = Debug|Any CPU
		Release|Any CPU = Release|Any CPU
	EndGlobalSection
	GlobalSection(ProjectConfigurationPlatforms) = postSolution
		{4A28ACEB-8995-4EBA-8BF0-87C5F24A5D40}.Debug|Any CPU.ActiveCfg = Debug|Any CPU
		{4A28ACEB-8995-4EBA-8BF0-87C5F24A5D40}.Debug|Any CPU.Build.0 = Debug|Any CPU
		{4A28ACEB-8995-4EBA-8BF0-87C5F24A5D40}.Debug|Any CPU.Deploy.0 = Debug|Any CPU
		{4A28ACEB-8995-4EBA-8BF0-87C5F24A5D40}.Release|Any CPU.ActiveCfg = Release|Any CPU
		{4A28ACEB-8995-4EBA-8BF0-87C5F24A5D40}.Release|Any CPU.Build.0 = Release|Any CPU
		{4A28ACEB-8995-4EBA-8BF0-87C5F24A5D40}.Release|Any CPU.Deploy.0 = Release|Any CPU
		{253331D8-0169-440F-9318-98526FE4F6A7}.Debug|Any CPU.ActiveCfg = Debug|Any CPU
		{253331D8-0169-440F-9318-98526FE4F6A7}.Debug|Any CPU.Build.0 = Debug|Any CPU
		{253331D8-0169-440F-9318-98526FE4F6A7}.Release|Any CPU.ActiveCfg = Release|Any CPU
		{253331D8-0169-440F-9318-98526FE4F6A7}.Release|Any CPU.Build.0 = Release|Any CPU
		{067D439A-3EB8-4B96-97EC-11B051AA3DD0}.Debug|Any CPU.ActiveCfg = Debug|Any CPU
		{067D439A-3EB8-4B96-97EC-11B051AA3DD0}.Debug|Any CPU.Build.0 = Debug|Any CPU
		{067D439A-3EB8-4B96-97EC-11B051AA3DD0}.Release|Any CPU.ActiveCfg = Release|Any CPU
		{067D439A-3EB8-4B96-97EC-11B051AA3DD0}.Release|Any CPU.Build.0 = Release|Any CPU
		{4A9B3CEC-34BC-4033-9A6B-3F6B92359F52}.Debug|Any CPU.ActiveCfg = Debug|Any CPU
		{4A9B3CEC-34BC-4033-9A6B-3F6B92359F52}.Debug|Any CPU.Build.0 = Debug|Any CPU
		{4A9B3CEC-34BC-4033-9A6B-3F6B92359F52}.Release|Any CPU.ActiveCfg = Release|Any CPU
		{4A9B3CEC-34BC-4033-9A6B-3F6B92359F52}.Release|Any CPU.Build.0 = Release|Any CPU
	EndGlobalSection
	GlobalSection(SolutionProperties) = preSolution
		HideSolutionNode = FALSE
	EndGlobalSection
	GlobalSection(ExtensibilityGlobals) = postSolution
		SolutionGuid = {C100BF6D-F12B-46C3-8DAC-C7E92194648B}
	EndGlobalSection
EndGlobal
